
Microsoft Visual Studio Solution File, Format Version 12.00
# Visual Studio 15
VisualStudioVersion = 15.0.26730.16
MinimumVisualStudioVersion = 10.0.40219.1
Project("{FAE04EC0-301F-11D3-BF4B-00C04F79EFBC}") = "ServiceDefintion", "ServiceDefintion\ServiceDefintion.csproj", "{20543CE5-B4C6-4DBE-BCA6-F3086E2520AD}"
EndProject
Project("{FAE04EC0-301F-11D3-BF4B-00C04F79EFBC}") = "LogicHandling", "LogicHandling\LogicHandling.csproj", "{AC11F2B1-2CBA-4A69-979E-7288D31F2F0F}"
EndProject
Project("{FAE04EC0-301F-11D3-BF4B-00C04F79EFBC}") = "AddServiceProvider", "AddServiceProvider\AddServiceProvider.csproj", "{10871141-F476-474E-ADF3-230DBA04F081}"
EndProject
Project("{FAE04EC0-301F-11D3-BF4B-00C04F79EFBC}") = "MQHandling", "MQHandling\MQHandling.csproj", "{1A87B209-25A3-4854-B298-6F2032B1EBC1}"
EndProject
Project("{FAE04EC0-301F-11D3-BF4B-00C04F79EFBC}") = "MQReader", "MQReader\MQReader.csproj", "{F5898780-AB85-4780-AC5B-7AB17DBEED5B}"
EndProject
Global
	GlobalSection(SolutionConfigurationPlatforms) = preSolution
		Debug|Any CPU = Debug|Any CPU
		Release|Any CPU = Release|Any CPU
	EndGlobalSection
	GlobalSection(ProjectConfigurationPlatforms) = postSolution
		{20543CE5-B4C6-4DBE-BCA6-F3086E2520AD}.Debug|Any CPU.ActiveCfg = Debug|Any CPU
		{20543CE5-B4C6-4DBE-BCA6-F3086E2520AD}.Debug|Any CPU.Build.0 = Debug|Any CPU
		{20543CE5-B4C6-4DBE-BCA6-F3086E2520AD}.Release|Any CPU.ActiveCfg = Release|Any CPU
		{20543CE5-B4C6-4DBE-BCA6-F3086E2520AD}.Release|Any CPU.Build.0 = Release|Any CPU
		{AC11F2B1-2CBA-4A69-979E-7288D31F2F0F}.Debug|Any CPU.ActiveCfg = Debug|Any CPU
		{AC11F2B1-2CBA-4A69-979E-7288D31F2F0F}.Debug|Any CPU.Build.0 = Debug|Any CPU
		{AC11F2B1-2CBA-4A69-979E-7288D31F2F0F}.Release|Any CPU.ActiveCfg = Release|Any CPU
		{AC11F2B1-2CBA-4A69-979E-7288D31F2F0F}.Release|Any CPU.Build.0 = Release|Any CPU
		{10871141-F476-474E-ADF3-230DBA04F081}.Debug|Any CPU.ActiveCfg = Debug|Any CPU
		{10871141-F476-474E-ADF3-230DBA04F081}.Debug|Any CPU.Build.0 = Debug|Any CPU
		{10871141-F476-474E-ADF3-230DBA04F081}.Release|Any CPU.ActiveCfg = Release|Any CPU
		{10871141-F476-474E-ADF3-230DBA04F081}.Release|Any CPU.Build.0 = Release|Any CPU
		{1A87B209-25A3-4854-B298-6F2032B1EBC1}.Debug|Any CPU.ActiveCfg = Debug|Any CPU
		{1A87B209-25A3-4854-B298-6F2032B1EBC1}.Debug|Any CPU.Build.0 = Debug|Any CPU
		{1A87B209-25A3-4854-B298-6F2032B1EBC1}.Release|Any CPU.ActiveCfg = Release|Any CPU
		{1A87B209-25A3-4854-B298-6F2032B1EBC1}.Release|Any CPU.Build.0 = Release|Any CPU
		{F5898780-AB85-4780-AC5B-7AB17DBEED5B}.Debug|Any CPU.ActiveCfg = Debug|Any CPU
		{F5898780-AB85-4780-AC5B-7AB17DBEED5B}.Debug|Any CPU.Build.0 = Debug|Any CPU
		{F5898780-AB85-4780-AC5B-7AB17DBEED5B}.Release|Any CPU.ActiveCfg = Release|Any CPU
		{F5898780-AB85-4780-AC5B-7AB17DBEED5B}.Release|Any CPU.Build.0 = Release|Any CPU
	EndGlobalSection
	GlobalSection(SolutionProperties) = preSolution
		HideSolutionNode = FALSE
	EndGlobalSection
	GlobalSection(ExtensibilityGlobals) = postSolution
		SolutionGuid = {89633397-F72E-4C01-8103-37EA46A197CB}
	EndGlobalSection
EndGlobal
